
Microsoft Visual Studio Solution File, Format Version 12.00
# Visual Studio 15
VisualStudioVersion = 15.0.27130.2003
MinimumVisualStudioVersion = 10.0.40219.1
Project("{8BC9CEB8-8B4A-11D0-8D11-00A0C91BC942}") = "5)Multithread_Fact", "5)Multithread_Fact\5)Multithread_Fact.vcxproj", "{32CF7D7B-2701-4827-95BD-4FC1F8BD9AAD}"
EndProject
Global
	GlobalSection(SolutionConfigurationPlatforms) = preSolution
		Debug|x64 = Debug|x64
		Debug|x86 = Debug|x86
		Release|x64 = Release|x64
		Release|x86 = Release|x86
	EndGlobalSection
	GlobalSection(ProjectConfigurationPlatforms) = postSolution
		{32CF7D7B-2701-4827-95BD-4FC1F8BD9AAD}.Debug|x64.ActiveCfg = Debug|x64
		{32CF7D7B-2701-4827-95BD-4FC1F8BD9AAD}.Debug|x64.Build.0 = Debug|x64
		{32CF7D7B-2701-4827-95BD-4FC1F8BD9AAD}.Debug|x86.ActiveCfg = Debug|Win32
		{32CF7D7B-2701-4827-95BD-4FC1F8BD9AAD}.Debug|x86.Build.0 = Debug|Win32
		{32CF7D7B-2701-4827-95BD-4FC1F8BD9AAD}.Release|x64.ActiveCfg = Release|x64
		{32CF7D7B-2701-4827-95BD-4FC1F8BD9AAD}.Release|x64.Build.0 = Release|x64
		{32CF7D7B-2701-4827-95BD-4FC1F8BD9AAD}.Release|x86.ActiveCfg = Release|Win32
		{32CF7D7B-2701-4827-95BD-4FC1F8BD9AAD}.Release|x86.Build.0 = Release|Win32
	EndGlobalSection
	GlobalSection(SolutionProperties) = preSolution
		HideSolutionNode = FALSE
	EndGlobalSection
	GlobalSection(ExtensibilityGlobals) = postSolution
		SolutionGuid = {3C95EAF6-DA3F-4335-8D42-45CA8C46777E}
	EndGlobalSection
EndGlobal
